{
    "version": 3,
    "terraform_version": "0.11.11",
    "serial": 4,
    "lineage": "8a85da49-d596-09dd-6a0d-068b522a4a3d",
    "modules": [
        {
            "path": [
                "root"
            ],
            "outputs": {},
            "resources": {
                "aws_key_pair.mykey": {
                    "type": "aws_key_pair",
                    "depends_on": [],
                    "primary": {
                        "id": "mykey",
                        "attributes": {
                            "fingerprint": "4c:4f:41:e3:e2:59:f2:2c:33:93:d0:3d:5f:65:8d:d1",
                            "id": "mykey",
                            "key_name": "mykey",
                            "public_key": "ssh-rsa AAAAB3NzaC1yc2EAAAADAQABAAABAQCdlF+4bvsUXcD+5hNsfxGf9ZOdVaiztO8ydzpVaFYVqEU39SN4AiqKbhAX4e5aq+qUQs/08lMwsG8NEwi8fPUqXc5U1XuKJwroAHyQFwEzsMVLs5ZMwi7XgF6wE0M07iye4maj1KVwNC41mY0XxBGZUAmy8dDWqI70EB0rdZCnERD4zDh2k69reItfgQk3TSCXRQX4VonC7DLirwKx3Xvpn5yoDzCotKGsmq7IQmwHr4465f3RDgDtvvj2Fq79jz7y/VyJy9h2qdu8Jkoj6KbuRr4BnI3bZnWr3wlTZDRM1SveTQ5RtCYR7yH+L+qNY3bxQhDmFWhqNkc2Upo+xhKR meghnath mathur@DESKTOP-95S2R86"
                        },
                        "meta": {
                            "schema_version": "1"
                        },
                        "tainted": false
                    },
                    "deposed": [],
                    "provider": "provider.aws"
                },
                "aws_security_group.allow-ssh": {
                    "type": "aws_security_group",
                    "depends_on": [
                        "aws_vpc.main"
                    ],
                    "primary": {
                        "id": "sg-035c509444e2ca90c",
                        "attributes": {
                            "description": "security group that allows ssh and all egress traffic",
                            "egress.#": "1",
                            "egress.482069346.cidr_blocks.#": "1",
                            "egress.482069346.cidr_blocks.0": "0.0.0.0/0",
                            "egress.482069346.description": "",
                            "egress.482069346.from_port": "0",
                            "egress.482069346.ipv6_cidr_blocks.#": "0",
                            "egress.482069346.prefix_list_ids.#": "0",
                            "egress.482069346.protocol": "-1",
                            "egress.482069346.security_groups.#": "0",
                            "egress.482069346.self": "false",
                            "egress.482069346.to_port": "0",
                            "id": "sg-035c509444e2ca90c",
                            "ingress.#": "1",
                            "ingress.2541437006.cidr_blocks.#": "1",
                            "ingress.2541437006.cidr_blocks.0": "0.0.0.0/0",
                            "ingress.2541437006.description": "",
                            "ingress.2541437006.from_port": "22",
                            "ingress.2541437006.ipv6_cidr_blocks.#": "0",
                            "ingress.2541437006.prefix_list_ids.#": "0",
                            "ingress.2541437006.protocol": "tcp",
                            "ingress.2541437006.security_groups.#": "0",
                            "ingress.2541437006.self": "false",
                            "ingress.2541437006.to_port": "22",
                            "name": "allow-ssh",
                            "revoke_rules_on_delete": "false",
                            "tags.%": "1",
                            "tags.Name": "main",
                            "vpc_id": "vpc-0bb451df1727697ed"
                        },
                        "meta": {
                            "e2bfb730-ecaa-11e6-8f88-34363bc7c4c0": {
                                "create": 600000000000,
                                "delete": 600000000000
                            },
                            "schema_version": "1"
                        },
                        "tainted": false
                    },
                    "deposed": [],
                    "provider": "provider.aws"
                },
                "aws_vpc.main": {
                    "type": "aws_vpc",
                    "depends_on": [],
                    "primary": {
                        "id": "vpc-0bb451df1727697ed",
                        "attributes": {
                            "arn": "arn:aws:ec2:eu-west-2:037337868947:vpc/vpc-0bb451df1727697ed",
                            "assign_generated_ipv6_cidr_block": "false",
                            "cidr_block": "10.0.0.0/16",
                            "default_network_acl_id": "acl-09619fa335fdd1a99",
                            "default_route_table_id": "rtb-0b9a5b264eec9cb14",
                            "default_security_group_id": "sg-0b08d47ef3a300c91",
                            "dhcp_options_id": "dopt-f9e64d91",
                            "enable_classiclink": "false",
                            "enable_dns_hostnames": "true",
                            "enable_dns_support": "true",
                            "id": "vpc-0bb451df1727697ed",
                            "instance_tenancy": "default",
                            "ipv6_association_id": "",
                            "ipv6_cidr_block": "",
                            "main_route_table_id": "rtb-0b9a5b264eec9cb14",
                            "owner_id": "037337868947",
                            "tags.%": "1",
                            "tags.Name": "main"
                        },
                        "meta": {
                            "schema_version": "1"
                        },
                        "tainted": false
                    },
                    "deposed": [],
                    "provider": "provider.aws"
                }
            },
            "depends_on": []
        }
    ]
}
